
Microsoft Visual Studio Solution File, Format Version 12.00
# Visual Studio Version 17
VisualStudioVersion = 17.1.32210.238
MinimumVisualStudioVersion = 10.0.40219.1
Project("{9A19103F-16F7-4668-BE54-9A1E7A4F7556}") = "Rangex", "Rangex\Rangex.csproj", "{7EA2180E-3D26-4BCB-9EE2-DF280000606E}"
EndProject
Global
	GlobalSection(SolutionConfigurationPlatforms) = preSolution
		Debug|Any CPU = Debug|Any CPU
		Release|Any CPU = Release|Any CPU
	EndGlobalSection
	GlobalSection(ProjectConfigurationPlatforms) = postSolution
		{7EA2180E-3D26-4BCB-9EE2-DF280000606E}.Debug|Any CPU.ActiveCfg = Debug|Any CPU
		{7EA2180E-3D26-4BCB-9EE2-DF280000606E}.Debug|Any CPU.Build.0 = Debug|Any CPU
		{7EA2180E-3D26-4BCB-9EE2-DF280000606E}.Release|Any CPU.ActiveCfg = Release|Any CPU
		{7EA2180E-3D26-4BCB-9EE2-DF280000606E}.Release|Any CPU.Build.0 = Release|Any CPU
	EndGlobalSection
	GlobalSection(SolutionProperties) = preSolution
		HideSolutionNode = FALSE
	EndGlobalSection
	GlobalSection(ExtensibilityGlobals) = postSolution
		SolutionGuid = {8B79A7B8-87B4-4EEF-B5BA-F67456043204}
	EndGlobalSection
EndGlobal
